
Microsoft Visual Studio Solution File, Format Version 12.00
# Visual Studio Version 16
VisualStudioVersion = 16.0.30114.105
MinimumVisualStudioVersion = 10.0.40219.1
Project("{2150E333-8FDC-42A3-9474-1A3956D46DE8}") = "Application", "Application", "{45634ECA-B413-4E9B-B1B7-FA3A27365DAA}"
EndProject
Project("{9A19103F-16F7-4668-BE54-9A1E7A4F7556}") = "WebApiDDD", "Application\WebApiDDD\WebApiDDD.csproj", "{74F9CE38-0204-455E-A80D-FD60A572100D}"
EndProject
Project("{2150E333-8FDC-42A3-9474-1A3956D46DE8}") = "Infraestructure", "Infraestructure", "{A220B728-BF42-4AB4-946B-F22D99BC066D}"
EndProject
Project("{2150E333-8FDC-42A3-9474-1A3956D46DE8}") = "Data", "Data", "{9C1D4F0A-4DDA-4DCB-89FD-9043AE1111FA}"
EndProject
Project("{9A19103F-16F7-4668-BE54-9A1E7A4F7556}") = "DDD.Data", "Infraestructure\Data\DDD.Data\DDD.Data.csproj", "{13A8C030-D92F-4207-BE02-889DA6238285}"
EndProject
Project("{2150E333-8FDC-42A3-9474-1A3956D46DE8}") = "Domain", "Domain", "{D434DADB-79EA-43C8-B7BC-4EF7690208E3}"
EndProject
Project("{9A19103F-16F7-4668-BE54-9A1E7A4F7556}") = "DDD.Domain", "Domain\DDD.Domain\DDD.Domain.csproj", "{95B218F1-61E9-4EBC-9823-167D0C1913D2}"
EndProject
Project("{2150E333-8FDC-42A3-9474-1A3956D46DE8}") = "Service", "Service", "{98850EB6-F59E-4B61-85D0-2E5D80F3DDAD}"
EndProject
Project("{9A19103F-16F7-4668-BE54-9A1E7A4F7556}") = "DDD.Service", "Service\DDD.Service\DDD.Service.csproj", "{43AED78A-E4B5-4471-853C-2051D4AC7EDE}"
EndProject
Project("{2150E333-8FDC-42A3-9474-1A3956D46DE8}") = "Cross-Cuting", "Cross-Cuting", "{D7CDA412-77B8-4902-923C-13DF412A6C1B}"
EndProject
Global
	GlobalSection(SolutionConfigurationPlatforms) = preSolution
		Debug|Any CPU = Debug|Any CPU
		Debug|x64 = Debug|x64
		Debug|x86 = Debug|x86
		Release|Any CPU = Release|Any CPU
		Release|x64 = Release|x64
		Release|x86 = Release|x86
	EndGlobalSection
	GlobalSection(ProjectConfigurationPlatforms) = postSolution
		{74F9CE38-0204-455E-A80D-FD60A572100D}.Debug|Any CPU.ActiveCfg = Debug|Any CPU
		{74F9CE38-0204-455E-A80D-FD60A572100D}.Debug|Any CPU.Build.0 = Debug|Any CPU
		{74F9CE38-0204-455E-A80D-FD60A572100D}.Debug|x64.ActiveCfg = Debug|Any CPU
		{74F9CE38-0204-455E-A80D-FD60A572100D}.Debug|x64.Build.0 = Debug|Any CPU
		{74F9CE38-0204-455E-A80D-FD60A572100D}.Debug|x86.ActiveCfg = Debug|Any CPU
		{74F9CE38-0204-455E-A80D-FD60A572100D}.Debug|x86.Build.0 = Debug|Any CPU
		{74F9CE38-0204-455E-A80D-FD60A572100D}.Release|Any CPU.ActiveCfg = Release|Any CPU
		{74F9CE38-0204-455E-A80D-FD60A572100D}.Release|Any CPU.Build.0 = Release|Any CPU
		{74F9CE38-0204-455E-A80D-FD60A572100D}.Release|x64.ActiveCfg = Release|Any CPU
		{74F9CE38-0204-455E-A80D-FD60A572100D}.Release|x64.Build.0 = Release|Any CPU
		{74F9CE38-0204-455E-A80D-FD60A572100D}.Release|x86.ActiveCfg = Release|Any CPU
		{74F9CE38-0204-455E-A80D-FD60A572100D}.Release|x86.Build.0 = Release|Any CPU
		{13A8C030-D92F-4207-BE02-889DA6238285}.Debug|Any CPU.ActiveCfg = Debug|Any CPU
		{13A8C030-D92F-4207-BE02-889DA6238285}.Debug|Any CPU.Build.0 = Debug|Any CPU
		{13A8C030-D92F-4207-BE02-889DA6238285}.Debug|x64.ActiveCfg = Debug|Any CPU
		{13A8C030-D92F-4207-BE02-889DA6238285}.Debug|x64.Build.0 = Debug|Any CPU
		{13A8C030-D92F-4207-BE02-889DA6238285}.Debug|x86.ActiveCfg = Debug|Any CPU
		{13A8C030-D92F-4207-BE02-889DA6238285}.Debug|x86.Build.0 = Debug|Any CPU
		{13A8C030-D92F-4207-BE02-889DA6238285}.Release|Any CPU.ActiveCfg = Release|Any CPU
		{13A8C030-D92F-4207-BE02-889DA6238285}.Release|Any CPU.Build.0 = Release|Any CPU
		{13A8C030-D92F-4207-BE02-889DA6238285}.Release|x64.ActiveCfg = Release|Any CPU
		{13A8C030-D92F-4207-BE02-889DA6238285}.Release|x64.Build.0 = Release|Any CPU
		{13A8C030-D92F-4207-BE02-889DA6238285}.Release|x86.ActiveCfg = Release|Any CPU
		{13A8C030-D92F-4207-BE02-889DA6238285}.Release|x86.Build.0 = Release|Any CPU
		{95B218F1-61E9-4EBC-9823-167D0C1913D2}.Debug|Any CPU.ActiveCfg = Debug|Any CPU
		{95B218F1-61E9-4EBC-9823-167D0C1913D2}.Debug|Any CPU.Build.0 = Debug|Any CPU
		{95B218F1-61E9-4EBC-9823-167D0C1913D2}.Debug|x64.ActiveCfg = Debug|Any CPU
		{95B218F1-61E9-4EBC-9823-167D0C1913D2}.Debug|x64.Build.0 = Debug|Any CPU
		{95B218F1-61E9-4EBC-9823-167D0C1913D2}.Debug|x86.ActiveCfg = Debug|Any CPU
		{95B218F1-61E9-4EBC-9823-167D0C1913D2}.Debug|x86.Build.0 = Debug|Any CPU
		{95B218F1-61E9-4EBC-9823-167D0C1913D2}.Release|Any CPU.ActiveCfg = Release|Any CPU
		{95B218F1-61E9-4EBC-9823-167D0C1913D2}.Release|Any CPU.Build.0 = Release|Any CPU
		{95B218F1-61E9-4EBC-9823-167D0C1913D2}.Release|x64.ActiveCfg = Release|Any CPU
		{95B218F1-61E9-4EBC-9823-167D0C1913D2}.Release|x64.Build.0 = Release|Any CPU
		{95B218F1-61E9-4EBC-9823-167D0C1913D2}.Release|x86.ActiveCfg = Release|Any CPU
		{95B218F1-61E9-4EBC-9823-167D0C1913D2}.Release|x86.Build.0 = Release|Any CPU
		{43AED78A-E4B5-4471-853C-2051D4AC7EDE}.Debug|Any CPU.ActiveCfg = Debug|Any CPU
		{43AED78A-E4B5-4471-853C-2051D4AC7EDE}.Debug|Any CPU.Build.0 = Debug|Any CPU
		{43AED78A-E4B5-4471-853C-2051D4AC7EDE}.Debug|x64.ActiveCfg = Debug|Any CPU
		{43AED78A-E4B5-4471-853C-2051D4AC7EDE}.Debug|x64.Build.0 = Debug|Any CPU
		{43AED78A-E4B5-4471-853C-2051D4AC7EDE}.Debug|x86.ActiveCfg = Debug|Any CPU
		{43AED78A-E4B5-4471-853C-2051D4AC7EDE}.Debug|x86.Build.0 = Debug|Any CPU
		{43AED78A-E4B5-4471-853C-2051D4AC7EDE}.Release|Any CPU.ActiveCfg = Release|Any CPU
		{43AED78A-E4B5-4471-853C-2051D4AC7EDE}.Release|Any CPU.Build.0 = Release|Any CPU
		{43AED78A-E4B5-4471-853C-2051D4AC7EDE}.Release|x64.ActiveCfg = Release|Any CPU
		{43AED78A-E4B5-4471-853C-2051D4AC7EDE}.Release|x64.Build.0 = Release|Any CPU
		{43AED78A-E4B5-4471-853C-2051D4AC7EDE}.Release|x86.ActiveCfg = Release|Any CPU
		{43AED78A-E4B5-4471-853C-2051D4AC7EDE}.Release|x86.Build.0 = Release|Any CPU
	EndGlobalSection
	GlobalSection(SolutionProperties) = preSolution
		HideSolutionNode = FALSE
	EndGlobalSection
	GlobalSection(NestedProjects) = preSolution
		{74F9CE38-0204-455E-A80D-FD60A572100D} = {45634ECA-B413-4E9B-B1B7-FA3A27365DAA}
		{9C1D4F0A-4DDA-4DCB-89FD-9043AE1111FA} = {A220B728-BF42-4AB4-946B-F22D99BC066D}
		{13A8C030-D92F-4207-BE02-889DA6238285} = {9C1D4F0A-4DDA-4DCB-89FD-9043AE1111FA}
		{95B218F1-61E9-4EBC-9823-167D0C1913D2} = {D434DADB-79EA-43C8-B7BC-4EF7690208E3}
		{43AED78A-E4B5-4471-853C-2051D4AC7EDE} = {98850EB6-F59E-4B61-85D0-2E5D80F3DDAD}
		{D7CDA412-77B8-4902-923C-13DF412A6C1B} = {A220B728-BF42-4AB4-946B-F22D99BC066D}
	EndGlobalSection
	GlobalSection(ExtensibilityGlobals) = postSolution
		SolutionGuid = {C64889D5-6CF1-4767-949F-2C3D5BC8E82E}
	EndGlobalSection
EndGlobal
